{
  "object": {
    "pins": [
      {
        "package": "Recombine",
        "repositoryURL": "https://github.com/ReSwift/Recombine",
        "state": {
          "branch": null,
          "revision": "abd7b8d4033a26044f57be03cc2d8bef1f64549e",
          "version": "0.7.0"
        }
      }
    ]
  },
  "version": 1
}
